PODS:
  - KVOController (1.2.0)
  - XTracking (1.0.2):
    - XTracking/Action (= 1.0.2)
    - XTracking/Expose (= 1.0.2)
    - XTracking/Overall (= 1.0.2)
    - XTracking/Page (= 1.0.2)
  - XTracking/Action (1.0.2):
    - XTracking/Overall
  - XTracking/Expose (1.0.2):
    - KVOController
    - XTracking/Overall
  - XTracking/Overall (1.0.2)
  - XTracking/Page (1.0.2):
    - XTracking/Overall

DEPENDENCIES:
  - XTracking (from `XTracking.podspec`)

SPEC REPOS:
  trunk:
    - KVOController

EXTERNAL SOURCES:
  XTracking:
    :path: XTracking.podspec

SPEC CHECKSUMS:
  KVOController: d72ace34afea42468329623b3379ab3cd1d286b6
  XTracking: c7e756e54adb354e9cab66f0849c889efb49e58e

PODFILE CHECKSUM: c768321e507becccde2ee6003f5167b89bd7609f

COCOAPODS: 1.11.3
